
Microsoft Visual Studio Solution File, Format Version 12.00
# Visual Studio 2012
Project("{2150E333-8FDC-42A3-9474-1A3956D46DE8}") = "Solution Items", "Solution Items", "{31FC77D6-A972-40C9-BDC3-753153F97D68}"
	ProjectSection(SolutionItems) = preProject
		.nuget\nuget.config = .nuget\nuget.config
	EndProjectSection
EndProject
Project("{FAE04EC0-301F-11D3-BF4B-00C04F79EFBC}") = "WebApi", "WebApi\WebApi.csproj", "{7358BC4C-044B-4391-BE97-6BF37EDCBA11}"
EndProject
Project("{FAE04EC0-301F-11D3-BF4B-00C04F79EFBC}") = "WebApiSystemWebHost", "WebApiSystemWebHost\WebApiSystemWebHost.csproj", "{27F8AF09-1F39-483C-A6A6-F62678972F49}"
EndProject
Project("{FAE04EC0-301F-11D3-BF4B-00C04F79EFBC}") = "WebApiSelfHost", "WebApiSelfHost\WebApiSelfHost.csproj", "{ABCFFA8A-EB53-4BE9-8E4E-4D3A9E12CE47}"
EndProject
Project("{FAE04EC0-301F-11D3-BF4B-00C04F79EFBC}") = "WebApiOwinHost", "WebApiOwinHost\WebApiOwinHost.csproj", "{32F9F838-2086-4B03-A5AE-2263582AB28D}"
EndProject
Global
	GlobalSection(SolutionConfigurationPlatforms) = preSolution
		Debug|Any CPU = Debug|Any CPU
		Release|Any CPU = Release|Any CPU
	EndGlobalSection
	GlobalSection(ProjectConfigurationPlatforms) = postSolution
		{7358BC4C-044B-4391-BE97-6BF37EDCBA11}.Debug|Any CPU.ActiveCfg = Debug|Any CPU
		{7358BC4C-044B-4391-BE97-6BF37EDCBA11}.Debug|Any CPU.Build.0 = Debug|Any CPU
		{7358BC4C-044B-4391-BE97-6BF37EDCBA11}.Release|Any CPU.ActiveCfg = Release|Any CPU
		{7358BC4C-044B-4391-BE97-6BF37EDCBA11}.Release|Any CPU.Build.0 = Release|Any CPU
		{27F8AF09-1F39-483C-A6A6-F62678972F49}.Debug|Any CPU.ActiveCfg = Debug|Any CPU
		{27F8AF09-1F39-483C-A6A6-F62678972F49}.Debug|Any CPU.Build.0 = Debug|Any CPU
		{27F8AF09-1F39-483C-A6A6-F62678972F49}.Release|Any CPU.ActiveCfg = Release|Any CPU
		{27F8AF09-1F39-483C-A6A6-F62678972F49}.Release|Any CPU.Build.0 = Release|Any CPU
		{ABCFFA8A-EB53-4BE9-8E4E-4D3A9E12CE47}.Debug|Any CPU.ActiveCfg = Debug|Any CPU
		{ABCFFA8A-EB53-4BE9-8E4E-4D3A9E12CE47}.Debug|Any CPU.Build.0 = Debug|Any CPU
		{ABCFFA8A-EB53-4BE9-8E4E-4D3A9E12CE47}.Release|Any CPU.ActiveCfg = Release|Any CPU
		{ABCFFA8A-EB53-4BE9-8E4E-4D3A9E12CE47}.Release|Any CPU.Build.0 = Release|Any CPU
		{32F9F838-2086-4B03-A5AE-2263582AB28D}.Debug|Any CPU.ActiveCfg = Debug|Any CPU
		{32F9F838-2086-4B03-A5AE-2263582AB28D}.Debug|Any CPU.Build.0 = Debug|Any CPU
		{32F9F838-2086-4B03-A5AE-2263582AB28D}.Release|Any CPU.ActiveCfg = Release|Any CPU
		{32F9F838-2086-4B03-A5AE-2263582AB28D}.Release|Any CPU.Build.0 = Release|Any CPU
	EndGlobalSection
	GlobalSection(SolutionProperties) = preSolution
		HideSolutionNode = FALSE
	EndGlobalSection
EndGlobal
